Microsoft Visual Studio Solution File, Format Version 12.00
# Visual Studio Version 17
VisualStudioVersion = 17.5.2.0
MinimumVisualStudioVersion = 10.0.40219.1
Project("{FAE04EC0-301F-11D3-BF4B-00C04F79EFBC}") = "Lab5_5+6", "Lab5_5+6.csproj", "{47B13205-0954-2E93-FCCB-C435A3D44324}"
EndProject
Global
	GlobalSection(SolutionConfigurationPlatforms) = preSolution
		Debug|Any CPU = Debug|Any CPU
		Release|Any CPU = Release|Any CPU
	EndGlobalSection
	GlobalSection(ProjectConfigurationPlatforms) = postSolution
		{47B13205-0954-2E93-FCCB-C435A3D44324}.Debug|Any CPU.ActiveCfg = Debug|Any CPU
		{47B13205-0954-2E93-FCCB-C435A3D44324}.Debug|Any CPU.Build.0 = Debug|Any CPU
		{47B13205-0954-2E93-FCCB-C435A3D44324}.Release|Any CPU.ActiveCfg = Release|Any CPU
		{47B13205-0954-2E93-FCCB-C435A3D44324}.Release|Any CPU.Build.0 = Release|Any CPU
	EndGlobalSection
	GlobalSection(SolutionProperties) = preSolution
		HideSolutionNode = FALSE
	EndGlobalSection
	GlobalSection(ExtensibilityGlobals) = postSolution
		SolutionGuid = {7D779233-E971-4658-BF90-01055B49EC59}
	EndGlobalSection
EndGlobal
