
Microsoft Visual Studio Solution File, Format Version 12.00
# Visual Studio Version 17
VisualStudioVersion = 17.13.35931.197 d17.13
MinimumVisualStudioVersion = 10.0.40219.1
Project("{FAE04EC0-301F-11D3-BF4B-00C04F79EFBC}") = "Lab4_Client", "Lab4_Client\Lab4_Client.csproj", "{41D1BE89-81B0-4C2B-B3B4-43EC3E4EAA85}"
EndProject
Project("{FAE04EC0-301F-11D3-BF4B-00C04F79EFBC}") = "Lab4_Server", "Lab4_Server\Lab4_Server.csproj", "{7BC9534E-594A-485D-A698-4EDC2D3D972E}"
EndProject
Global
	GlobalSection(SolutionConfigurationPlatforms) = preSolution
		Debug|Any CPU = Debug|Any CPU
		Release|Any CPU = Release|Any CPU
	EndGlobalSection
	GlobalSection(ProjectConfigurationPlatforms) = postSolution
		{41D1BE89-81B0-4C2B-B3B4-43EC3E4EAA85}.Debug|Any CPU.ActiveCfg = Debug|Any CPU
		{41D1BE89-81B0-4C2B-B3B4-43EC3E4EAA85}.Debug|Any CPU.Build.0 = Debug|Any CPU
		{41D1BE89-81B0-4C2B-B3B4-43EC3E4EAA85}.Release|Any CPU.ActiveCfg = Release|Any CPU
		{41D1BE89-81B0-4C2B-B3B4-43EC3E4EAA85}.Release|Any CPU.Build.0 = Release|Any CPU
		{7BC9534E-594A-485D-A698-4EDC2D3D972E}.Debug|Any CPU.ActiveCfg = Debug|Any CPU
		{7BC9534E-594A-485D-A698-4EDC2D3D972E}.Debug|Any CPU.Build.0 = Debug|Any CPU
		{7BC9534E-594A-485D-A698-4EDC2D3D972E}.Release|Any CPU.ActiveCfg = Release|Any CPU
		{7BC9534E-594A-485D-A698-4EDC2D3D972E}.Release|Any CPU.Build.0 = Release|Any CPU
	EndGlobalSection
	GlobalSection(SolutionProperties) = preSolution
		HideSolutionNode = FALSE
	EndGlobalSection
	GlobalSection(ExtensibilityGlobals) = postSolution
		SolutionGuid = {E4910F76-FFBF-4FB1-B604-CF406C13CF2B}
	EndGlobalSection
EndGlobal
